
Microsoft Visual Studio Solution File, Format Version 12.00
# Visual Studio Version 17
VisualStudioVersion = 17.11.35327.3
MinimumVisualStudioVersion = 10.0.40219.1
Project("{8BC9CEB8-8B4A-11D0-8D11-00A0C91BC942}") = "skiplist", "skiplist.vcxproj", "{8C3A412F-C856-412C-A5B9-938D8D3EABB8}"
EndProject
Global
	GlobalSection(SolutionConfigurationPlatforms) = preSolution
		Debug|x64 = Debug|x64
		Debug|x86 = Debug|x86
		Release|x64 = Release|x64
		Release|x86 = Release|x86
	EndGlobalSection
	GlobalSection(ProjectConfigurationPlatforms) = postSolution
		{8C3A412F-C856-412C-A5B9-938D8D3EABB8}.Debug|x64.ActiveCfg = Debug|x64
		{8C3A412F-C856-412C-A5B9-938D8D3EABB8}.Debug|x64.Build.0 = Debug|x64
		{8C3A412F-C856-412C-A5B9-938D8D3EABB8}.Debug|x86.ActiveCfg = Debug|Win32
		{8C3A412F-C856-412C-A5B9-938D8D3EABB8}.Debug|x86.Build.0 = Debug|Win32
		{8C3A412F-C856-412C-A5B9-938D8D3EABB8}.Release|x64.ActiveCfg = Release|x64
		{8C3A412F-C856-412C-A5B9-938D8D3EABB8}.Release|x64.Build.0 = Release|x64
		{8C3A412F-C856-412C-A5B9-938D8D3EABB8}.Release|x86.ActiveCfg = Release|Win32
		{8C3A412F-C856-412C-A5B9-938D8D3EABB8}.Release|x86.Build.0 = Release|Win32
	EndGlobalSection
	GlobalSection(SolutionProperties) = preSolution
		HideSolutionNode = FALSE
	EndGlobalSection
	GlobalSection(ExtensibilityGlobals) = postSolution
		SolutionGuid = {C9ECE6D7-578F-4EC5-916A-2935ED14B2CF}
	EndGlobalSection
EndGlobal
